
Microsoft Visual Studio Solution File, Format Version 12.00
# Visual Studio 15
VisualStudioVersion = 15.0.28010.2046
MinimumVisualStudioVersion = 10.0.40219.1
Project("{FAE04EC0-301F-11D3-BF4B-00C04F79EFBC}") = "Sales.Android", "Sales\Sales.Android\Sales.Android.csproj", "{D5889156-EB36-485A-94CE-CB958C31C267}"
EndProject
Project("{FAE04EC0-301F-11D3-BF4B-00C04F79EFBC}") = "Sales.iOS", "Sales\Sales.iOS\Sales.iOS.csproj", "{60D816E2-59C5-4C35-BB4C-F2611529AB2B}"
EndProject
Project("{FAE04EC0-301F-11D3-BF4B-00C04F79EFBC}") = "Sales.UWP", "Sales\Sales.UWP\Sales.UWP.csproj", "{4429B5CD-17B1-4237-B600-1FD538A8BFC7}"
EndProject
Project("{9A19103F-16F7-4668-BE54-9A1E7A4F7556}") = "Sales", "Sales\Sales\Sales.csproj", "{39A1637B-B3F8-47AD-A686-6D08F6D4CB22}"
EndProject
Project("{FAE04EC0-301F-11D3-BF4B-00C04F79EFBC}") = "Sales.Backend", "Sales.Backend\Sales.Backend.csproj", "{A2FE5A77-6DCA-4D96-835A-3CED39F67E79}"
EndProject
Project("{FAE04EC0-301F-11D3-BF4B-00C04F79EFBC}") = "Sales.API", "Sales.API\Sales.API.csproj", "{3D72D698-14BE-4B27-9B40-529C5E92C9E0}"
EndProject
Project("{FAE04EC0-301F-11D3-BF4B-00C04F79EFBC}") = "Sales.Domain", "Sales.Domain\Sales.Domain.csproj", "{E6EDF6D8-147D-4CD0-ADED-88BCAB1FEF6D}"
EndProject
Project("{FAE04EC0-301F-11D3-BF4B-00C04F79EFBC}") = "Sales.Common", "Sales.Common\Sales.Common.csproj", "{694D4254-CF03-424F-9F42-17FDE52C4271}"
EndProject
Global
	GlobalSection(SolutionConfigurationPlatforms) = preSolution
		Ad-Hoc|Any CPU = Ad-Hoc|Any CPU
		Ad-Hoc|ARM = Ad-Hoc|ARM
		Ad-Hoc|iPhone = Ad-Hoc|iPhone
		Ad-Hoc|iPhoneSimulator = Ad-Hoc|iPhoneSimulator
		Ad-Hoc|x64 = Ad-Hoc|x64
		Ad-Hoc|x86 = Ad-Hoc|x86
		AppStore|Any CPU = AppStore|Any CPU
		AppStore|ARM = AppStore|ARM
		AppStore|iPhone = AppStore|iPhone
		AppStore|iPhoneSimulator = AppStore|iPhoneSimulator
		AppStore|x64 = AppStore|x64
		AppStore|x86 = AppStore|x86
		Debug|Any CPU = Debug|Any CPU
		Debug|ARM = Debug|ARM
		Debug|iPhone = Debug|iPhone
		Debug|iPhoneSimulator = Debug|iPhoneSimulator
		Debug|x64 = Debug|x64
		Debug|x86 = Debug|x86
		Release|Any CPU = Release|Any CPU
		Release|ARM = Release|ARM
		Release|iPhone = Release|iPhone
		Release|iPhoneSimulator = Release|iPhoneSimulator
		Release|x64 = Release|x64
		Release|x86 = Release|x86
	EndGlobalSection
	GlobalSection(ProjectConfigurationPlatforms) = postSolution
		{D5889156-EB36-485A-94CE-CB958C31C267}.Ad-Hoc|Any CPU.ActiveCfg = Release|Any CPU
		{D5889156-EB36-485A-94CE-CB958C31C267}.Ad-Hoc|Any CPU.Build.0 = Release|Any CPU
		{D5889156-EB36-485A-94CE-CB958C31C267}.Ad-Hoc|Any CPU.Deploy.0 = Release|Any CPU
		{D5889156-EB36-485A-94CE-CB958C31C267}.Ad-Hoc|ARM.ActiveCfg = Release|Any CPU
		{D5889156-EB36-485A-94CE-CB958C31C267}.Ad-Hoc|ARM.Build.0 = Release|Any CPU
		{D5889156-EB36-485A-94CE-CB958C31C267}.Ad-Hoc|ARM.Deploy.0 = Release|Any CPU
		{D5889156-EB36-485A-94CE-CB958C31C267}.Ad-Hoc|iPhone.ActiveCfg = Release|Any CPU
		{D5889156-EB36-485A-94CE-CB958C31C267}.Ad-Hoc|iPhone.Build.0 = Release|Any CPU
		{D5889156-EB36-485A-94CE-CB958C31C267}.Ad-Hoc|iPhone.Deploy.0 = Release|Any CPU
		{D5889156-EB36-485A-94CE-CB958C31C267}.Ad-Hoc|iPhoneSimulator.ActiveCfg = Release|Any CPU
		{D5889156-EB36-485A-94CE-CB958C31C267}.Ad-Hoc|iPhoneSimulator.Build.0 = Release|Any CPU
		{D5889156-EB36-485A-94CE-CB958C31C267}.Ad-Hoc|iPhoneSimulator.Deploy.0 = Release|Any CPU
		{D5889156-EB36-485A-94CE-CB958C31C267}.Ad-Hoc|x64.ActiveCfg = Release|Any CPU
		{D5889156-EB36-485A-94CE-CB958C31C267}.Ad-Hoc|x64.Build.0 = Release|Any CPU
		{D5889156-EB36-485A-94CE-CB958C31C267}.Ad-Hoc|x64.Deploy.0 = Release|Any CPU
		{D5889156-EB36-485A-94CE-CB958C31C267}.Ad-Hoc|x86.ActiveCfg = Release|Any CPU
		{D5889156-EB36-485A-94CE-CB958C31C267}.Ad-Hoc|x86.Build.0 = Release|Any CPU
		{D5889156-EB36-485A-94CE-CB958C31C267}.Ad-Hoc|x86.Deploy.0 = Release|Any CPU
		{D5889156-EB36-485A-94CE-CB958C31C267}.AppStore|Any CPU.ActiveCfg = Release|Any CPU
		{D5889156-EB36-485A-94CE-CB958C31C267}.AppStore|Any CPU.Build.0 = Release|Any CPU
		{D5889156-EB36-485A-94CE-CB958C31C267}.AppStore|Any CPU.Deploy.0 = Release|Any CPU
		{D5889156-EB36-485A-94CE-CB958C31C267}.AppStore|ARM.ActiveCfg = Release|Any CPU
		{D5889156-EB36-485A-94CE-CB958C31C267}.AppStore|ARM.Build.0 = Release|Any CPU
		{D5889156-EB36-485A-94CE-CB958C31C267}.AppStore|ARM.Deploy.0 = Release|Any CPU
		{D5889156-EB36-485A-94CE-CB958C31C267}.AppStore|iPhone.ActiveCfg = Release|Any CPU
		{D5889156-EB36-485A-94CE-CB958C31C267}.AppStore|iPhone.Build.0 = Release|Any CPU
		{D5889156-EB36-485A-94CE-CB958C31C267}.AppStore|iPhone.Deploy.0 = Release|Any CPU
		{D5889156-EB36-485A-94CE-CB958C31C267}.AppStore|iPhoneSimulator.ActiveCfg = Release|Any CPU
		{D5889156-EB36-485A-94CE-CB958C31C267}.AppStore|iPhoneSimulator.Build.0 = Release|Any CPU
		{D5889156-EB36-485A-94CE-CB958C31C267}.AppStore|iPhoneSimulator.Deploy.0 = Release|Any CPU
		{D5889156-EB36-485A-94CE-CB958C31C267}.AppStore|x64.ActiveCfg = Release|Any CPU
		{D5889156-EB36-485A-94CE-CB958C31C267}.AppStore|x64.Build.0 = Release|Any CPU
		{D5889156-EB36-485A-94CE-CB958C31C267}.AppStore|x64.Deploy.0 = Release|Any CPU
		{D5889156-EB36-485A-94CE-CB958C31C267}.AppStore|x86.ActiveCfg = Release|Any CPU
		{D5889156-EB36-485A-94CE-CB958C31C267}.AppStore|x86.Build.0 = Release|Any CPU
		{D5889156-EB36-485A-94CE-CB958C31C267}.AppStore|x86.Deploy.0 = Release|Any CPU
		{D5889156-EB36-485A-94CE-CB958C31C267}.Debug|Any CPU.ActiveCfg = Debug|Any CPU
		{D5889156-EB36-485A-94CE-CB958C31C267}.Debug|Any CPU.Build.0 = Debug|Any CPU
		{D5889156-EB36-485A-94CE-CB958C31C267}.Debug|Any CPU.Deploy.0 = Debug|Any CPU
		{D5889156-EB36-485A-94CE-CB958C31C267}.Debug|ARM.ActiveCfg = Debug|Any CPU
		{D5889156-EB36-485A-94CE-CB958C31C267}.Debug|ARM.Build.0 = Debug|Any CPU
		{D5889156-EB36-485A-94CE-CB958C31C267}.Debug|ARM.Deploy.0 = Debug|Any CPU
		{D5889156-EB36-485A-94CE-CB958C31C267}.Debug|iPhone.ActiveCfg = Debug|Any CPU
		{D5889156-EB36-485A-94CE-CB958C31C267}.Debug|iPhone.Build.0 = Debug|Any CPU
		{D5889156-EB36-485A-94CE-CB958C31C267}.Debug|iPhone.Deploy.0 = Debug|Any CPU
		{D5889156-EB36-485A-94CE-CB958C31C267}.Debug|iPhoneSimulator.ActiveCfg = Debug|Any CPU
		{D5889156-EB36-485A-94CE-CB958C31C267}.Debug|iPhoneSimulator.Build.0 = Debug|Any CPU
		{D5889156-EB36-485A-94CE-CB958C31C267}.Debug|iPhoneSimulator.Deploy.0 = Debug|Any CPU
		{D5889156-EB36-485A-94CE-CB958C31C267}.Debug|x64.ActiveCfg = Debug|Any CPU
		{D5889156-EB36-485A-94CE-CB958C31C267}.Debug|x64.Build.0 = Debug|Any CPU
		{D5889156-EB36-485A-94CE-CB958C31C267}.Debug|x64.Deploy.0 = Debug|Any CPU
		{D5889156-EB36-485A-94CE-CB958C31C267}.Debug|x86.ActiveCfg = Debug|Any CPU
		{D5889156-EB36-485A-94CE-CB958C31C267}.Debug|x86.Build.0 = Debug|Any CPU
		{D5889156-EB36-485A-94CE-CB958C31C267}.Debug|x86.Deploy.0 = Debug|Any CPU
		{D5889156-EB36-485A-94CE-CB958C31C267}.Release|Any CPU.ActiveCfg = Release|Any CPU
		{D5889156-EB36-485A-94CE-CB958C31C267}.Release|Any CPU.Build.0 = Release|Any CPU
		{D5889156-EB36-485A-94CE-CB958C31C267}.Release|Any CPU.Deploy.0 = Release|Any CPU
		{D5889156-EB36-485A-94CE-CB958C31C267}.Release|ARM.ActiveCfg = Release|Any CPU
		{D5889156-EB36-485A-94CE-CB958C31C267}.Release|ARM.Build.0 = Release|Any CPU
		{D5889156-EB36-485A-94CE-CB958C31C267}.Release|ARM.Deploy.0 = Release|Any CPU
		{D5889156-EB36-485A-94CE-CB958C31C267}.Release|iPhone.ActiveCfg = Release|Any CPU
		{D5889156-EB36-485A-94CE-CB958C31C267}.Release|iPhone.Build.0 = Release|Any CPU
		{D5889156-EB36-485A-94CE-CB958C31C267}.Release|iPhone.Deploy.0 = Release|Any CPU
		{D5889156-EB36-485A-94CE-CB958C31C267}.Release|iPhoneSimulator.ActiveCfg = Release|Any CPU
		{D5889156-EB36-485A-94CE-CB958C31C267}.Release|iPhoneSimulator.Build.0 = Release|Any CPU
		{D5889156-EB36-485A-94CE-CB958C31C267}.Release|iPhoneSimulator.Deploy.0 = Release|Any CPU
		{D5889156-EB36-485A-94CE-CB958C31C267}.Release|x64.ActiveCfg = Release|Any CPU
		{D5889156-EB36-485A-94CE-CB958C31C267}.Release|x64.Build.0 = Release|Any CPU
		{D5889156-EB36-485A-94CE-CB958C31C267}.Release|x64.Deploy.0 = Release|Any CPU
		{D5889156-EB36-485A-94CE-CB958C31C267}.Release|x86.ActiveCfg = Release|Any CPU
		{D5889156-EB36-485A-94CE-CB958C31C267}.Release|x86.Build.0 = Release|Any CPU
		{D5889156-EB36-485A-94CE-CB958C31C267}.Release|x86.Deploy.0 = Release|Any CPU
		{60D816E2-59C5-4C35-BB4C-F2611529AB2B}.Ad-Hoc|Any CPU.ActiveCfg = Ad-Hoc|iPhone
		{60D816E2-59C5-4C35-BB4C-F2611529AB2B}.Ad-Hoc|Any CPU.Build.0 = Ad-Hoc|iPhone
		{60D816E2-59C5-4C35-BB4C-F2611529AB2B}.Ad-Hoc|Any CPU.Deploy.0 = Ad-Hoc|iPhone
		{60D816E2-59C5-4C35-BB4C-F2611529AB2B}.Ad-Hoc|ARM.ActiveCfg = Ad-Hoc|iPhone
		{60D816E2-59C5-4C35-BB4C-F2611529AB2B}.Ad-Hoc|ARM.Build.0 = Ad-Hoc|iPhone
		{60D816E2-59C5-4C35-BB4C-F2611529AB2B}.Ad-Hoc|ARM.Deploy.0 = Ad-Hoc|iPhone
		{60D816E2-59C5-4C35-BB4C-F2611529AB2B}.Ad-Hoc|iPhone.ActiveCfg = Ad-Hoc|iPhone
		{60D816E2-59C5-4C35-BB4C-F2611529AB2B}.Ad-Hoc|iPhone.Build.0 = Ad-Hoc|iPhone
		{60D816E2-59C5-4C35-BB4C-F2611529AB2B}.Ad-Hoc|iPhone.Deploy.0 = Ad-Hoc|iPhone
		{60D816E2-59C5-4C35-BB4C-F2611529AB2B}.Ad-Hoc|iPhoneSimulator.ActiveCfg = Ad-Hoc|iPhoneSimulator
		{60D816E2-59C5-4C35-BB4C-F2611529AB2B}.Ad-Hoc|iPhoneSimulator.Build.0 = Ad-Hoc|iPhoneSimulator
		{60D816E2-59C5-4C35-BB4C-F2611529AB2B}.Ad-Hoc|iPhoneSimulator.Deploy.0 = Ad-Hoc|iPhoneSimulator
		{60D816E2-59C5-4C35-BB4C-F2611529AB2B}.Ad-Hoc|x64.ActiveCfg = Ad-Hoc|iPhone
		{60D816E2-59C5-4C35-BB4C-F2611529AB2B}.Ad-Hoc|x64.Build.0 = Ad-Hoc|iPhone
		{60D816E2-59C5-4C35-BB4C-F2611529AB2B}.Ad-Hoc|x64.Deploy.0 = Ad-Hoc|iPhone
		{60D816E2-59C5-4C35-BB4C-F2611529AB2B}.Ad-Hoc|x86.ActiveCfg = Ad-Hoc|iPhone
		{60D816E2-59C5-4C35-BB4C-F2611529AB2B}.Ad-Hoc|x86.Build.0 = Ad-Hoc|iPhone
		{60D816E2-59C5-4C35-BB4C-F2611529AB2B}.Ad-Hoc|x86.Deploy.0 = Ad-Hoc|iPhone
		{60D816E2-59C5-4C35-BB4C-F2611529AB2B}.AppStore|Any CPU.ActiveCfg = AppStore|iPhone
		{60D816E2-59C5-4C35-BB4C-F2611529AB2B}.AppStore|Any CPU.Build.0 = AppStore|iPhone
		{60D816E2-59C5-4C35-BB4C-F2611529AB2B}.AppStore|Any CPU.Deploy.0 = AppStore|iPhone
		{60D816E2-59C5-4C35-BB4C-F2611529AB2B}.AppStore|ARM.ActiveCfg = AppStore|iPhone
		{60D816E2-59C5-4C35-BB4C-F2611529AB2B}.AppStore|ARM.Build.0 = AppStore|iPhone
		{60D816E2-59C5-4C35-BB4C-F2611529AB2B}.AppStore|ARM.Deploy.0 = AppStore|iPhone
		{60D816E2-59C5-4C35-BB4C-F2611529AB2B}.AppStore|iPhone.ActiveCfg = AppStore|iPhone
		{60D816E2-59C5-4C35-BB4C-F2611529AB2B}.AppStore|iPhone.Build.0 = AppStore|iPhone
		{60D816E2-59C5-4C35-BB4C-F2611529AB2B}.AppStore|iPhone.Deploy.0 = AppStore|iPhone
		{60D816E2-59C5-4C35-BB4C-F2611529AB2B}.AppStore|iPhoneSimulator.ActiveCfg = AppStore|iPhoneSimulator
		{60D816E2-59C5-4C35-BB4C-F2611529AB2B}.AppStore|iPhoneSimulator.Build.0 = AppStore|iPhoneSimulator
		{60D816E2-59C5-4C35-BB4C-F2611529AB2B}.AppStore|iPhoneSimulator.Deploy.0 = AppStore|iPhoneSimulator
		{60D816E2-59C5-4C35-BB4C-F2611529AB2B}.AppStore|x64.ActiveCfg = AppStore|iPhone
		{60D816E2-59C5-4C35-BB4C-F2611529AB2B}.AppStore|x64.Build.0 = AppStore|iPhone
		{60D816E2-59C5-4C35-BB4C-F2611529AB2B}.AppStore|x64.Deploy.0 = AppStore|iPhone
		{60D816E2-59C5-4C35-BB4C-F2611529AB2B}.AppStore|x86.ActiveCfg = AppStore|iPhone
		{60D816E2-59C5-4C35-BB4C-F2611529AB2B}.AppStore|x86.Build.0 = AppStore|iPhone
		{60D816E2-59C5-4C35-BB4C-F2611529AB2B}.AppStore|x86.Deploy.0 = AppStore|iPhone
		{60D816E2-59C5-4C35-BB4C-F2611529AB2B}.Debug|Any CPU.ActiveCfg = Debug|iPhoneSimulator
		{60D816E2-59C5-4C35-BB4C-F2611529AB2B}.Debug|Any CPU.Build.0 = Debug|iPhoneSimulator
		{60D816E2-59C5-4C35-BB4C-F2611529AB2B}.Debug|Any CPU.Deploy.0 = Debug|iPhoneSimulator
		{60D816E2-59C5-4C35-BB4C-F2611529AB2B}.Debug|ARM.ActiveCfg = Debug|iPhone
		{60D816E2-59C5-4C35-BB4C-F2611529AB2B}.Debug|ARM.Build.0 = Debug|iPhone
		{60D816E2-59C5-4C35-BB4C-F2611529AB2B}.Debug|ARM.Deploy.0 = Debug|iPhone
		{60D816E2-59C5-4C35-BB4C-F2611529AB2B}.Debug|iPhone.ActiveCfg = Debug|iPhone
		{60D816E2-59C5-4C35-BB4C-F2611529AB2B}.Debug|iPhone.Build.0 = Debug|iPhone
		{60D816E2-59C5-4C35-BB4C-F2611529AB2B}.Debug|iPhone.Deploy.0 = Debug|iPhone
		{60D816E2-59C5-4C35-BB4C-F2611529AB2B}.Debug|iPhoneSimulator.ActiveCfg = Debug|iPhoneSimulator
		{60D816E2-59C5-4C35-BB4C-F2611529AB2B}.Debug|iPhoneSimulator.Build.0 = Debug|iPhoneSimulator
		{60D816E2-59C5-4C35-BB4C-F2611529AB2B}.Debug|iPhoneSimulator.Deploy.0 = Debug|iPhoneSimulator
		{60D816E2-59C5-4C35-BB4C-F2611529AB2B}.Debug|x64.ActiveCfg = Debug|iPhone
		{60D816E2-59C5-4C35-BB4C-F2611529AB2B}.Debug|x64.Build.0 = Debug|iPhone
		{60D816E2-59C5-4C35-BB4C-F2611529AB2B}.Debug|x64.Deploy.0 = Debug|iPhone
		{60D816E2-59C5-4C35-BB4C-F2611529AB2B}.Debug|x86.ActiveCfg = Debug|iPhone
		{60D816E2-59C5-4C35-BB4C-F2611529AB2B}.Debug|x86.Build.0 = Debug|iPhone
		{60D816E2-59C5-4C35-BB4C-F2611529AB2B}.Debug|x86.Deploy.0 = Debug|iPhone
		{60D816E2-59C5-4C35-BB4C-F2611529AB2B}.Release|Any CPU.ActiveCfg = Release|iPhone
		{60D816E2-59C5-4C35-BB4C-F2611529AB2B}.Release|Any CPU.Build.0 = Release|iPhone
		{60D816E2-59C5-4C35-BB4C-F2611529AB2B}.Release|Any CPU.Deploy.0 = Release|iPhone
		{60D816E2-59C5-4C35-BB4C-F2611529AB2B}.Release|ARM.ActiveCfg = Release|iPhone
		{60D816E2-59C5-4C35-BB4C-F2611529AB2B}.Release|ARM.Build.0 = Release|iPhone
		{60D816E2-59C5-4C35-BB4C-F2611529AB2B}.Release|ARM.Deploy.0 = Release|iPhone
		{60D816E2-59C5-4C35-BB4C-F2611529AB2B}.Release|iPhone.ActiveCfg = Release|iPhone
		{60D816E2-59C5-4C35-BB4C-F2611529AB2B}.Release|iPhone.Build.0 = Release|iPhone
		{60D816E2-59C5-4C35-BB4C-F2611529AB2B}.Release|iPhone.Deploy.0 = Release|iPhone
		{60D816E2-59C5-4C35-BB4C-F2611529AB2B}.Release|iPhoneSimulator.ActiveCfg = Release|iPhoneSimulator
		{60D816E2-59C5-4C35-BB4C-F2611529AB2B}.Release|iPhoneSimulator.Build.0 = Release|iPhoneSimulator
		{60D816E2-59C5-4C35-BB4C-F2611529AB2B}.Release|iPhoneSimulator.Deploy.0 = Release|iPhoneSimulator
		{60D816E2-59C5-4C35-BB4C-F2611529AB2B}.Release|x64.ActiveCfg = Release|iPhone
		{60D816E2-59C5-4C35-BB4C-F2611529AB2B}.Release|x64.Build.0 = Release|iPhone
		{60D816E2-59C5-4C35-BB4C-F2611529AB2B}.Release|x64.Deploy.0 = Release|iPhone
		{60D816E2-59C5-4C35-BB4C-F2611529AB2B}.Release|x86.ActiveCfg = Release|iPhone
		{60D816E2-59C5-4C35-BB4C-F2611529AB2B}.Release|x86.Build.0 = Release|iPhone
		{60D816E2-59C5-4C35-BB4C-F2611529AB2B}.Release|x86.Deploy.0 = Release|iPhone
		{4429B5CD-17B1-4237-B600-1FD538A8BFC7}.Ad-Hoc|Any CPU.ActiveCfg = Release|x86
		{4429B5CD-17B1-4237-B600-1FD538A8BFC7}.Ad-Hoc|Any CPU.Build.0 = Release|x86
		{4429B5CD-17B1-4237-B600-1FD538A8BFC7}.Ad-Hoc|Any CPU.Deploy.0 = Release|x86
		{4429B5CD-17B1-4237-B600-1FD538A8BFC7}.Ad-Hoc|ARM.ActiveCfg = Release|ARM
		{4429B5CD-17B1-4237-B600-1FD538A8BFC7}.Ad-Hoc|ARM.Build.0 = Release|ARM
		{4429B5CD-17B1-4237-B600-1FD538A8BFC7}.Ad-Hoc|ARM.Deploy.0 = Release|ARM
		{4429B5CD-17B1-4237-B600-1FD538A8BFC7}.Ad-Hoc|iPhone.ActiveCfg = Release|x86
		{4429B5CD-17B1-4237-B600-1FD538A8BFC7}.Ad-Hoc|iPhone.Build.0 = Release|x86
		{4429B5CD-17B1-4237-B600-1FD538A8BFC7}.Ad-Hoc|iPhone.Deploy.0 = Release|x86
		{4429B5CD-17B1-4237-B600-1FD538A8BFC7}.Ad-Hoc|iPhoneSimulator.ActiveCfg = Release|x86
		{4429B5CD-17B1-4237-B600-1FD538A8BFC7}.Ad-Hoc|iPhoneSimulator.Build.0 = Release|x86
		{4429B5CD-17B1-4237-B600-1FD538A8BFC7}.Ad-Hoc|iPhoneSimulator.Deploy.0 = Release|x86
		{4429B5CD-17B1-4237-B600-1FD538A8BFC7}.Ad-Hoc|x64.ActiveCfg = Release|x64
		{4429B5CD-17B1-4237-B600-1FD538A8BFC7}.Ad-Hoc|x64.Build.0 = Release|x64
		{4429B5CD-17B1-4237-B600-1FD538A8BFC7}.Ad-Hoc|x64.Deploy.0 = Release|x64
		{4429B5CD-17B1-4237-B600-1FD538A8BFC7}.Ad-Hoc|x86.ActiveCfg = Release|x86
		{4429B5CD-17B1-4237-B600-1FD538A8BFC7}.Ad-Hoc|x86.Build.0 = Release|x86
		{4429B5CD-17B1-4237-B600-1FD538A8BFC7}.Ad-Hoc|x86.Deploy.0 = Release|x86
		{4429B5CD-17B1-4237-B600-1FD538A8BFC7}.AppStore|Any CPU.ActiveCfg = Release|x86
		{4429B5CD-17B1-4237-B600-1FD538A8BFC7}.AppStore|Any CPU.Build.0 = Release|x86
		{4429B5CD-17B1-4237-B600-1FD538A8BFC7}.AppStore|Any CPU.Deploy.0 = Release|x86
		{4429B5CD-17B1-4237-B600-1FD538A8BFC7}.AppStore|ARM.ActiveCfg = Release|ARM
		{4429B5CD-17B1-4237-B600-1FD538A8BFC7}.AppStore|ARM.Build.0 = Release|ARM
		{4429B5CD-17B1-4237-B600-1FD538A8BFC7}.AppStore|ARM.Deploy.0 = Release|ARM
		{4429B5CD-17B1-4237-B600-1FD538A8BFC7}.AppStore|iPhone.ActiveCfg = Release|x86
		{4429B5CD-17B1-4237-B600-1FD538A8BFC7}.AppStore|iPhone.Build.0 = Release|x86
		{4429B5CD-17B1-4237-B600-1FD538A8BFC7}.AppStore|iPhone.Deploy.0 = Release|x86
		{4429B5CD-17B1-4237-B600-1FD538A8BFC7}.AppStore|iPhoneSimulator.ActiveCfg = Release|x86
		{4429B5CD-17B1-4237-B600-1FD538A8BFC7}.AppStore|iPhoneSimulator.Build.0 = Release|x86
		{4429B5CD-17B1-4237-B600-1FD538A8BFC7}.AppStore|iPhoneSimulator.Deploy.0 = Release|x86
		{4429B5CD-17B1-4237-B600-1FD538A8BFC7}.AppStore|x64.ActiveCfg = Release|x64
		{4429B5CD-17B1-4237-B600-1FD538A8BFC7}.AppStore|x64.Build.0 = Release|x64
		{4429B5CD-17B1-4237-B600-1FD538A8BFC7}.AppStore|x64.Deploy.0 = Release|x64
		{4429B5CD-17B1-4237-B600-1FD538A8BFC7}.AppStore|x86.ActiveCfg = Release|x86
		{4429B5CD-17B1-4237-B600-1FD538A8BFC7}.AppStore|x86.Build.0 = Release|x86
		{4429B5CD-17B1-4237-B600-1FD538A8BFC7}.AppStore|x86.Deploy.0 = Release|x86
		{4429B5CD-17B1-4237-B600-1FD538A8BFC7}.Debug|Any CPU.ActiveCfg = Debug|x86
		{4429B5CD-17B1-4237-B600-1FD538A8BFC7}.Debug|Any CPU.Build.0 = Debug|x86
		{4429B5CD-17B1-4237-B600-1FD538A8BFC7}.Debug|Any CPU.Deploy.0 = Debug|x86
		{4429B5CD-17B1-4237-B600-1FD538A8BFC7}.Debug|ARM.ActiveCfg = Debug|ARM
		{4429B5CD-17B1-4237-B600-1FD538A8BFC7}.Debug|ARM.Build.0 = Debug|ARM
		{4429B5CD-17B1-4237-B600-1FD538A8BFC7}.Debug|ARM.Deploy.0 = Debug|ARM
		{4429B5CD-17B1-4237-B600-1FD538A8BFC7}.Debug|iPhone.ActiveCfg = Debug|x86
		{4429B5CD-17B1-4237-B600-1FD538A8BFC7}.Debug|iPhone.Build.0 = Debug|x86
		{4429B5CD-17B1-4237-B600-1FD538A8BFC7}.Debug|iPhone.Deploy.0 = Debug|x86
		{4429B5CD-17B1-4237-B600-1FD538A8BFC7}.Debug|iPhoneSimulator.ActiveCfg = Debug|x86
		{4429B5CD-17B1-4237-B600-1FD538A8BFC7}.Debug|iPhoneSimulator.Build.0 = Debug|x86
		{4429B5CD-17B1-4237-B600-1FD538A8BFC7}.Debug|iPhoneSimulator.Deploy.0 = Debug|x86
		{4429B5CD-17B1-4237-B600-1FD538A8BFC7}.Debug|x64.ActiveCfg = Debug|x64
		{4429B5CD-17B1-4237-B600-1FD538A8BFC7}.Debug|x64.Build.0 = Debug|x64
		{4429B5CD-17B1-4237-B600-1FD538A8BFC7}.Debug|x64.Deploy.0 = Debug|x64
		{4429B5CD-17B1-4237-B600-1FD538A8BFC7}.Debug|x86.ActiveCfg = Debug|x86
		{4429B5CD-17B1-4237-B600-1FD538A8BFC7}.Debug|x86.Build.0 = Debug|x86
		{4429B5CD-17B1-4237-B600-1FD538A8BFC7}.Debug|x86.Deploy.0 = Debug|x86
		{4429B5CD-17B1-4237-B600-1FD538A8BFC7}.Release|Any CPU.ActiveCfg = Release|x86
		{4429B5CD-17B1-4237-B600-1FD538A8BFC7}.Release|Any CPU.Build.0 = Release|x86
		{4429B5CD-17B1-4237-B600-1FD538A8BFC7}.Release|Any CPU.Deploy.0 = Release|x86
		{4429B5CD-17B1-4237-B600-1FD538A8BFC7}.Release|ARM.ActiveCfg = Release|ARM
		{4429B5CD-17B1-4237-B600-1FD538A8BFC7}.Release|ARM.Build.0 = Release|ARM
		{4429B5CD-17B1-4237-B600-1FD538A8BFC7}.Release|ARM.Deploy.0 = Release|ARM
		{4429B5CD-17B1-4237-B600-1FD538A8BFC7}.Release|iPhone.ActiveCfg = Release|x86
		{4429B5CD-17B1-4237-B600-1FD538A8BFC7}.Release|iPhone.Build.0 = Release|x86
		{4429B5CD-17B1-4237-B600-1FD538A8BFC7}.Release|iPhone.Deploy.0 = Release|x86
		{4429B5CD-17B1-4237-B600-1FD538A8BFC7}.Release|iPhoneSimulator.ActiveCfg = Release|x86
		{4429B5CD-17B1-4237-B600-1FD538A8BFC7}.Release|iPhoneSimulator.Build.0 = Release|x86
		{4429B5CD-17B1-4237-B600-1FD538A8BFC7}.Release|iPhoneSimulator.Deploy.0 = Release|x86
		{4429B5CD-17B1-4237-B600-1FD538A8BFC7}.Release|x64.ActiveCfg = Release|x64
		{4429B5CD-17B1-4237-B600-1FD538A8BFC7}.Release|x64.Build.0 = Release|x64
		{4429B5CD-17B1-4237-B600-1FD538A8BFC7}.Release|x64.Deploy.0 = Release|x64
		{4429B5CD-17B1-4237-B600-1FD538A8BFC7}.Release|x86.ActiveCfg = Release|x86
		{4429B5CD-17B1-4237-B600-1FD538A8BFC7}.Release|x86.Build.0 = Release|x86
		{4429B5CD-17B1-4237-B600-1FD538A8BFC7}.Release|x86.Deploy.0 = Release|x86
		{39A1637B-B3F8-47AD-A686-6D08F6D4CB22}.Ad-Hoc|Any CPU.ActiveCfg = Debug|Any CPU
		{39A1637B-B3F8-47AD-A686-6D08F6D4CB22}.Ad-Hoc|Any CPU.Build.0 = Debug|Any CPU
		{39A1637B-B3F8-47AD-A686-6D08F6D4CB22}.Ad-Hoc|Any CPU.Deploy.0 = Debug|Any CPU
		{39A1637B-B3F8-47AD-A686-6D08F6D4CB22}.Ad-Hoc|ARM.ActiveCfg = Debug|Any CPU
		{39A1637B-B3F8-47AD-A686-6D08F6D4CB22}.Ad-Hoc|ARM.Build.0 = Debug|Any CPU
		{39A1637B-B3F8-47AD-A686-6D08F6D4CB22}.Ad-Hoc|ARM.Deploy.0 = Debug|Any CPU
		{39A1637B-B3F8-47AD-A686-6D08F6D4CB22}.Ad-Hoc|iPhone.ActiveCfg = Debug|Any CPU
		{39A1637B-B3F8-47AD-A686-6D08F6D4CB22}.Ad-Hoc|iPhone.Build.0 = Debug|Any CPU
		{39A1637B-B3F8-47AD-A686-6D08F6D4CB22}.Ad-Hoc|iPhone.Deploy.0 = Debug|Any CPU
		{39A1637B-B3F8-47AD-A686-6D08F6D4CB22}.Ad-Hoc|iPhoneSimulator.ActiveCfg = Debug|Any CPU
		{39A1637B-B3F8-47AD-A686-6D08F6D4CB22}.Ad-Hoc|iPhoneSimulator.Build.0 = Debug|Any CPU
		{39A1637B-B3F8-47AD-A686-6D08F6D4CB22}.Ad-Hoc|iPhoneSimulator.Deploy.0 = Debug|Any CPU
		{39A1637B-B3F8-47AD-A686-6D08F6D4CB22}.Ad-Hoc|x64.ActiveCfg = Debug|Any CPU
		{39A1637B-B3F8-47AD-A686-6D08F6D4CB22}.Ad-Hoc|x64.Build.0 = Debug|Any CPU
		{39A1637B-B3F8-47AD-A686-6D08F6D4CB22}.Ad-Hoc|x64.Deploy.0 = Debug|Any CPU
		{39A1637B-B3F8-47AD-A686-6D08F6D4CB22}.Ad-Hoc|x86.ActiveCfg = Debug|Any CPU
		{39A1637B-B3F8-47AD-A686-6D08F6D4CB22}.Ad-Hoc|x86.Build.0 = Debug|Any CPU
		{39A1637B-B3F8-47AD-A686-6D08F6D4CB22}.Ad-Hoc|x86.Deploy.0 = Debug|Any CPU
		{39A1637B-B3F8-47AD-A686-6D08F6D4CB22}.AppStore|Any CPU.ActiveCfg = Debug|Any CPU
		{39A1637B-B3F8-47AD-A686-6D08F6D4CB22}.AppStore|Any CPU.Build.0 = Debug|Any CPU
		{39A1637B-B3F8-47AD-A686-6D08F6D4CB22}.AppStore|Any CPU.Deploy.0 = Debug|Any CPU
		{39A1637B-B3F8-47AD-A686-6D08F6D4CB22}.AppStore|ARM.ActiveCfg = Debug|Any CPU
		{39A1637B-B3F8-47AD-A686-6D08F6D4CB22}.AppStore|ARM.Build.0 = Debug|Any CPU
		{39A1637B-B3F8-47AD-A686-6D08F6D4CB22}.AppStore|ARM.Deploy.0 = Debug|Any CPU
		{39A1637B-B3F8-47AD-A686-6D08F6D4CB22}.AppStore|iPhone.ActiveCfg = Debug|Any CPU
		{39A1637B-B3F8-47AD-A686-6D08F6D4CB22}.AppStore|iPhone.Build.0 = Debug|Any CPU
		{39A1637B-B3F8-47AD-A686-6D08F6D4CB22}.AppStore|iPhone.Deploy.0 = Debug|Any CPU
		{39A1637B-B3F8-47AD-A686-6D08F6D4CB22}.AppStore|iPhoneSimulator.ActiveCfg = Debug|Any CPU
		{39A1637B-B3F8-47AD-A686-6D08F6D4CB22}.AppStore|iPhoneSimulator.Build.0 = Debug|Any CPU
		{39A1637B-B3F8-47AD-A686-6D08F6D4CB22}.AppStore|iPhoneSimulator.Deploy.0 = Debug|Any CPU
		{39A1637B-B3F8-47AD-A686-6D08F6D4CB22}.AppStore|x64.ActiveCfg = Debug|Any CPU
		{39A1637B-B3F8-47AD-A686-6D08F6D4CB22}.AppStore|x64.Build.0 = Debug|Any CPU
		{39A1637B-B3F8-47AD-A686-6D08F6D4CB22}.AppStore|x64.Deploy.0 = Debug|Any CPU
		{39A1637B-B3F8-47AD-A686-6D08F6D4CB22}.AppStore|x86.ActiveCfg = Debug|Any CPU
		{39A1637B-B3F8-47AD-A686-6D08F6D4CB22}.AppStore|x86.Build.0 = Debug|Any CPU
		{39A1637B-B3F8-47AD-A686-6D08F6D4CB22}.AppStore|x86.Deploy.0 = Debug|Any CPU
		{39A1637B-B3F8-47AD-A686-6D08F6D4CB22}.Debug|Any CPU.ActiveCfg = Debug|Any CPU
		{39A1637B-B3F8-47AD-A686-6D08F6D4CB22}.Debug|Any CPU.Build.0 = Debug|Any CPU
		{39A1637B-B3F8-47AD-A686-6D08F6D4CB22}.Debug|Any CPU.Deploy.0 = Debug|Any CPU
		{39A1637B-B3F8-47AD-A686-6D08F6D4CB22}.Debug|ARM.ActiveCfg = Debug|Any CPU
		{39A1637B-B3F8-47AD-A686-6D08F6D4CB22}.Debug|ARM.Build.0 = Debug|Any CPU
		{39A1637B-B3F8-47AD-A686-6D08F6D4CB22}.Debug|ARM.Deploy.0 = Debug|Any CPU
		{39A1637B-B3F8-47AD-A686-6D08F6D4CB22}.Debug|iPhone.ActiveCfg = Debug|Any CPU
		{39A1637B-B3F8-47AD-A686-6D08F6D4CB22}.Debug|iPhone.Build.0 = Debug|Any CPU
		{39A1637B-B3F8-47AD-A686-6D08F6D4CB22}.Debug|iPhone.Deploy.0 = Debug|Any CPU
		{39A1637B-B3F8-47AD-A686-6D08F6D4CB22}.Debug|iPhoneSimulator.ActiveCfg = Debug|Any CPU
		{39A1637B-B3F8-47AD-A686-6D08F6D4CB22}.Debug|iPhoneSimulator.Build.0 = Debug|Any CPU
		{39A1637B-B3F8-47AD-A686-6D08F6D4CB22}.Debug|iPhoneSimulator.Deploy.0 = Debug|Any CPU
		{39A1637B-B3F8-47AD-A686-6D08F6D4CB22}.Debug|x64.ActiveCfg = Debug|Any CPU
		{39A1637B-B3F8-47AD-A686-6D08F6D4CB22}.Debug|x64.Build.0 = Debug|Any CPU
		{39A1637B-B3F8-47AD-A686-6D08F6D4CB22}.Debug|x64.Deploy.0 = Debug|Any CPU
		{39A1637B-B3F8-47AD-A686-6D08F6D4CB22}.Debug|x86.ActiveCfg = Debug|Any CPU
		{39A1637B-B3F8-47AD-A686-6D08F6D4CB22}.Debug|x86.Build.0 = Debug|Any CPU
		{39A1637B-B3F8-47AD-A686-6D08F6D4CB22}.Debug|x86.Deploy.0 = Debug|Any CPU
		{39A1637B-B3F8-47AD-A686-6D08F6D4CB22}.Release|Any CPU.ActiveCfg = Release|Any CPU
		{39A1637B-B3F8-47AD-A686-6D08F6D4CB22}.Release|Any CPU.Build.0 = Release|Any CPU
		{39A1637B-B3F8-47AD-A686-6D08F6D4CB22}.Release|Any CPU.Deploy.0 = Release|Any CPU
		{39A1637B-B3F8-47AD-A686-6D08F6D4CB22}.Release|ARM.ActiveCfg = Release|Any CPU
		{39A1637B-B3F8-47AD-A686-6D08F6D4CB22}.Release|ARM.Build.0 = Release|Any CPU
		{39A1637B-B3F8-47AD-A686-6D08F6D4CB22}.Release|ARM.Deploy.0 = Release|Any CPU
		{39A1637B-B3F8-47AD-A686-6D08F6D4CB22}.Release|iPhone.ActiveCfg = Release|Any CPU
		{39A1637B-B3F8-47AD-A686-6D08F6D4CB22}.Release|iPhone.Build.0 = Release|Any CPU
		{39A1637B-B3F8-47AD-A686-6D08F6D4CB22}.Release|iPhone.Deploy.0 = Release|Any CPU
		{39A1637B-B3F8-47AD-A686-6D08F6D4CB22}.Release|iPhoneSimulator.ActiveCfg = Release|Any CPU
		{39A1637B-B3F8-47AD-A686-6D08F6D4CB22}.Release|iPhoneSimulator.Build.0 = Release|Any CPU
		{39A1637B-B3F8-47AD-A686-6D08F6D4CB22}.Release|iPhoneSimulator.Deploy.0 = Release|Any CPU
		{39A1637B-B3F8-47AD-A686-6D08F6D4CB22}.Release|x64.ActiveCfg = Release|Any CPU
		{39A1637B-B3F8-47AD-A686-6D08F6D4CB22}.Release|x64.Build.0 = Release|Any CPU
		{39A1637B-B3F8-47AD-A686-6D08F6D4CB22}.Release|x64.Deploy.0 = Release|Any CPU
		{39A1637B-B3F8-47AD-A686-6D08F6D4CB22}.Release|x86.ActiveCfg = Release|Any CPU
		{39A1637B-B3F8-47AD-A686-6D08F6D4CB22}.Release|x86.Build.0 = Release|Any CPU
		{39A1637B-B3F8-47AD-A686-6D08F6D4CB22}.Release|x86.Deploy.0 = Release|Any CPU
		{A2FE5A77-6DCA-4D96-835A-3CED39F67E79}.Ad-Hoc|Any CPU.ActiveCfg = Release|Any CPU
		{A2FE5A77-6DCA-4D96-835A-3CED39F67E79}.Ad-Hoc|Any CPU.Build.0 = Release|Any CPU
		{A2FE5A77-6DCA-4D96-835A-3CED39F67E79}.Ad-Hoc|ARM.ActiveCfg = Release|Any CPU
		{A2FE5A77-6DCA-4D96-835A-3CED39F67E79}.Ad-Hoc|ARM.Build.0 = Release|Any CPU
		{A2FE5A77-6DCA-4D96-835A-3CED39F67E79}.Ad-Hoc|iPhone.ActiveCfg = Release|Any CPU
		{A2FE5A77-6DCA-4D96-835A-3CED39F67E79}.Ad-Hoc|iPhone.Build.0 = Release|Any CPU
		{A2FE5A77-6DCA-4D96-835A-3CED39F67E79}.Ad-Hoc|iPhoneSimulator.ActiveCfg = Release|Any CPU
		{A2FE5A77-6DCA-4D96-835A-3CED39F67E79}.Ad-Hoc|iPhoneSimulator.Build.0 = Release|Any CPU
		{A2FE5A77-6DCA-4D96-835A-3CED39F67E79}.Ad-Hoc|x64.ActiveCfg = Release|Any CPU
		{A2FE5A77-6DCA-4D96-835A-3CED39F67E79}.Ad-Hoc|x64.Build.0 = Release|Any CPU
		{A2FE5A77-6DCA-4D96-835A-3CED39F67E79}.Ad-Hoc|x86.ActiveCfg = Release|Any CPU
		{A2FE5A77-6DCA-4D96-835A-3CED39F67E79}.Ad-Hoc|x86.Build.0 = Release|Any CPU
		{A2FE5A77-6DCA-4D96-835A-3CED39F67E79}.AppStore|Any CPU.ActiveCfg = Release|Any CPU
		{A2FE5A77-6DCA-4D96-835A-3CED39F67E79}.AppStore|Any CPU.Build.0 = Release|Any CPU
		{A2FE5A77-6DCA-4D96-835A-3CED39F67E79}.AppStore|ARM.ActiveCfg = Release|Any CPU
		{A2FE5A77-6DCA-4D96-835A-3CED39F67E79}.AppStore|ARM.Build.0 = Release|Any CPU
		{A2FE5A77-6DCA-4D96-835A-3CED39F67E79}.AppStore|iPhone.ActiveCfg = Release|Any CPU
		{A2FE5A77-6DCA-4D96-835A-3CED39F67E79}.AppStore|iPhone.Build.0 = Release|Any CPU
		{A2FE5A77-6DCA-4D96-835A-3CED39F67E79}.AppStore|iPhoneSimulator.ActiveCfg = Release|Any CPU
		{A2FE5A77-6DCA-4D96-835A-3CED39F67E79}.AppStore|iPhoneSimulator.Build.0 = Release|Any CPU
		{A2FE5A77-6DCA-4D96-835A-3CED39F67E79}.AppStore|x64.ActiveCfg = Release|Any CPU
		{A2FE5A77-6DCA-4D96-835A-3CED39F67E79}.AppStore|x64.Build.0 = Release|Any CPU
		{A2FE5A77-6DCA-4D96-835A-3CED39F67E79}.AppStore|x86.ActiveCfg = Release|Any CPU
		{A2FE5A77-6DCA-4D96-835A-3CED39F67E79}.AppStore|x86.Build.0 = Release|Any CPU
		{A2FE5A77-6DCA-4D96-835A-3CED39F67E79}.Debug|Any CPU.ActiveCfg = Debug|Any CPU
		{A2FE5A77-6DCA-4D96-835A-3CED39F67E79}.Debug|Any CPU.Build.0 = Debug|Any CPU
		{A2FE5A77-6DCA-4D96-835A-3CED39F67E79}.Debug|ARM.ActiveCfg = Debug|Any CPU
		{A2FE5A77-6DCA-4D96-835A-3CED39F67E79}.Debug|ARM.Build.0 = Debug|Any CPU
		{A2FE5A77-6DCA-4D96-835A-3CED39F67E79}.Debug|iPhone.ActiveCfg = Debug|Any CPU
		{A2FE5A77-6DCA-4D96-835A-3CED39F67E79}.Debug|iPhone.Build.0 = Debug|Any CPU
		{A2FE5A77-6DCA-4D96-835A-3CED39F67E79}.Debug|iPhoneSimulator.ActiveCfg = Debug|Any CPU
		{A2FE5A77-6DCA-4D96-835A-3CED39F67E79}.Debug|iPhoneSimulator.Build.0 = Debug|Any CPU
		{A2FE5A77-6DCA-4D96-835A-3CED39F67E79}.Debug|x64.ActiveCfg = Debug|Any CPU
		{A2FE5A77-6DCA-4D96-835A-3CED39F67E79}.Debug|x64.Build.0 = Debug|Any CPU
		{A2FE5A77-6DCA-4D96-835A-3CED39F67E79}.Debug|x86.ActiveCfg = Debug|Any CPU
		{A2FE5A77-6DCA-4D96-835A-3CED39F67E79}.Debug|x86.Build.0 = Debug|Any CPU
		{A2FE5A77-6DCA-4D96-835A-3CED39F67E79}.Release|Any CPU.ActiveCfg = Release|Any CPU
		{A2FE5A77-6DCA-4D96-835A-3CED39F67E79}.Release|Any CPU.Build.0 = Release|Any CPU
		{A2FE5A77-6DCA-4D96-835A-3CED39F67E79}.Release|ARM.ActiveCfg = Release|Any CPU
		{A2FE5A77-6DCA-4D96-835A-3CED39F67E79}.Release|ARM.Build.0 = Release|Any CPU
		{A2FE5A77-6DCA-4D96-835A-3CED39F67E79}.Release|iPhone.ActiveCfg = Release|Any CPU
		{A2FE5A77-6DCA-4D96-835A-3CED39F67E79}.Release|iPhone.Build.0 = Release|Any CPU
		{A2FE5A77-6DCA-4D96-835A-3CED39F67E79}.Release|iPhoneSimulator.ActiveCfg = Release|Any CPU
		{A2FE5A77-6DCA-4D96-835A-3CED39F67E79}.Release|iPhoneSimulator.Build.0 = Release|Any CPU
		{A2FE5A77-6DCA-4D96-835A-3CED39F67E79}.Release|x64.ActiveCfg = Release|Any CPU
		{A2FE5A77-6DCA-4D96-835A-3CED39F67E79}.Release|x64.Build.0 = Release|Any CPU
		{A2FE5A77-6DCA-4D96-835A-3CED39F67E79}.Release|x86.ActiveCfg = Release|Any CPU
		{A2FE5A77-6DCA-4D96-835A-3CED39F67E79}.Release|x86.Build.0 = Release|Any CPU
		{3D72D698-14BE-4B27-9B40-529C5E92C9E0}.Ad-Hoc|Any CPU.ActiveCfg = Release|Any CPU
		{3D72D698-14BE-4B27-9B40-529C5E92C9E0}.Ad-Hoc|Any CPU.Build.0 = Release|Any CPU
		{3D72D698-14BE-4B27-9B40-529C5E92C9E0}.Ad-Hoc|ARM.ActiveCfg = Release|Any CPU
		{3D72D698-14BE-4B27-9B40-529C5E92C9E0}.Ad-Hoc|ARM.Build.0 = Release|Any CPU
		{3D72D698-14BE-4B27-9B40-529C5E92C9E0}.Ad-Hoc|iPhone.ActiveCfg = Release|Any CPU
		{3D72D698-14BE-4B27-9B40-529C5E92C9E0}.Ad-Hoc|iPhone.Build.0 = Release|Any CPU
		{3D72D698-14BE-4B27-9B40-529C5E92C9E0}.Ad-Hoc|iPhoneSimulator.ActiveCfg = Release|Any CPU
		{3D72D698-14BE-4B27-9B40-529C5E92C9E0}.Ad-Hoc|iPhoneSimulator.Build.0 = Release|Any CPU
		{3D72D698-14BE-4B27-9B40-529C5E92C9E0}.Ad-Hoc|x64.ActiveCfg = Release|Any CPU
		{3D72D698-14BE-4B27-9B40-529C5E92C9E0}.Ad-Hoc|x64.Build.0 = Release|Any CPU
		{3D72D698-14BE-4B27-9B40-529C5E92C9E0}.Ad-Hoc|x86.ActiveCfg = Release|Any CPU
		{3D72D698-14BE-4B27-9B40-529C5E92C9E0}.Ad-Hoc|x86.Build.0 = Release|Any CPU
		{3D72D698-14BE-4B27-9B40-529C5E92C9E0}.AppStore|Any CPU.ActiveCfg = Release|Any CPU
		{3D72D698-14BE-4B27-9B40-529C5E92C9E0}.AppStore|Any CPU.Build.0 = Release|Any CPU
		{3D72D698-14BE-4B27-9B40-529C5E92C9E0}.AppStore|ARM.ActiveCfg = Release|Any CPU
		{3D72D698-14BE-4B27-9B40-529C5E92C9E0}.AppStore|ARM.Build.0 = Release|Any CPU
		{3D72D698-14BE-4B27-9B40-529C5E92C9E0}.AppStore|iPhone.ActiveCfg = Release|Any CPU
		{3D72D698-14BE-4B27-9B40-529C5E92C9E0}.AppStore|iPhone.Build.0 = Release|Any CPU
		{3D72D698-14BE-4B27-9B40-529C5E92C9E0}.AppStore|iPhoneSimulator.ActiveCfg = Release|Any CPU
		{3D72D698-14BE-4B27-9B40-529C5E92C9E0}.AppStore|iPhoneSimulator.Build.0 = Release|Any CPU
		{3D72D698-14BE-4B27-9B40-529C5E92C9E0}.AppStore|x64.ActiveCfg = Release|Any CPU
		{3D72D698-14BE-4B27-9B40-529C5E92C9E0}.AppStore|x64.Build.0 = Release|Any CPU
		{3D72D698-14BE-4B27-9B40-529C5E92C9E0}.AppStore|x86.ActiveCfg = Release|Any CPU
		{3D72D698-14BE-4B27-9B40-529C5E92C9E0}.AppStore|x86.Build.0 = Release|Any CPU
		{3D72D698-14BE-4B27-9B40-529C5E92C9E0}.Debug|Any CPU.ActiveCfg = Debug|Any CPU
		{3D72D698-14BE-4B27-9B40-529C5E92C9E0}.Debug|Any CPU.Build.0 = Debug|Any CPU
		{3D72D698-14BE-4B27-9B40-529C5E92C9E0}.Debug|ARM.ActiveCfg = Debug|Any CPU
		{3D72D698-14BE-4B27-9B40-529C5E92C9E0}.Debug|ARM.Build.0 = Debug|Any CPU
		{3D72D698-14BE-4B27-9B40-529C5E92C9E0}.Debug|iPhone.ActiveCfg = Debug|Any CPU
		{3D72D698-14BE-4B27-9B40-529C5E92C9E0}.Debug|iPhone.Build.0 = Debug|Any CPU
		{3D72D698-14BE-4B27-9B40-529C5E92C9E0}.Debug|iPhoneSimulator.ActiveCfg = Debug|Any CPU
		{3D72D698-14BE-4B27-9B40-529C5E92C9E0}.Debug|iPhoneSimulator.Build.0 = Debug|Any CPU
		{3D72D698-14BE-4B27-9B40-529C5E92C9E0}.Debug|x64.ActiveCfg = Debug|Any CPU
		{3D72D698-14BE-4B27-9B40-529C5E92C9E0}.Debug|x64.Build.0 = Debug|Any CPU
		{3D72D698-14BE-4B27-9B40-529C5E92C9E0}.Debug|x86.ActiveCfg = Debug|Any CPU
		{3D72D698-14BE-4B27-9B40-529C5E92C9E0}.Debug|x86.Build.0 = Debug|Any CPU
		{3D72D698-14BE-4B27-9B40-529C5E92C9E0}.Release|Any CPU.ActiveCfg = Release|Any CPU
		{3D72D698-14BE-4B27-9B40-529C5E92C9E0}.Release|Any CPU.Build.0 = Release|Any CPU
		{3D72D698-14BE-4B27-9B40-529C5E92C9E0}.Release|ARM.ActiveCfg = Release|Any CPU
		{3D72D698-14BE-4B27-9B40-529C5E92C9E0}.Release|ARM.Build.0 = Release|Any CPU
		{3D72D698-14BE-4B27-9B40-529C5E92C9E0}.Release|iPhone.ActiveCfg = Release|Any CPU
		{3D72D698-14BE-4B27-9B40-529C5E92C9E0}.Release|iPhone.Build.0 = Release|Any CPU
		{3D72D698-14BE-4B27-9B40-529C5E92C9E0}.Release|iPhoneSimulator.ActiveCfg = Release|Any CPU
		{3D72D698-14BE-4B27-9B40-529C5E92C9E0}.Release|iPhoneSimulator.Build.0 = Release|Any CPU
		{3D72D698-14BE-4B27-9B40-529C5E92C9E0}.Release|x64.ActiveCfg = Release|Any CPU
		{3D72D698-14BE-4B27-9B40-529C5E92C9E0}.Release|x64.Build.0 = Release|Any CPU
		{3D72D698-14BE-4B27-9B40-529C5E92C9E0}.Release|x86.ActiveCfg = Release|Any CPU
		{3D72D698-14BE-4B27-9B40-529C5E92C9E0}.Release|x86.Build.0 = Release|Any CPU
		{E6EDF6D8-147D-4CD0-ADED-88BCAB1FEF6D}.Ad-Hoc|Any CPU.ActiveCfg = Release|Any CPU
		{E6EDF6D8-147D-4CD0-ADED-88BCAB1FEF6D}.Ad-Hoc|Any CPU.Build.0 = Release|Any CPU
		{E6EDF6D8-147D-4CD0-ADED-88BCAB1FEF6D}.Ad-Hoc|ARM.ActiveCfg = Release|Any CPU
		{E6EDF6D8-147D-4CD0-ADED-88BCAB1FEF6D}.Ad-Hoc|ARM.Build.0 = Release|Any CPU
		{E6EDF6D8-147D-4CD0-ADED-88BCAB1FEF6D}.Ad-Hoc|iPhone.ActiveCfg = Release|Any CPU
		{E6EDF6D8-147D-4CD0-ADED-88BCAB1FEF6D}.Ad-Hoc|iPhone.Build.0 = Release|Any CPU
		{E6EDF6D8-147D-4CD0-ADED-88BCAB1FEF6D}.Ad-Hoc|iPhoneSimulator.ActiveCfg = Release|Any CPU
		{E6EDF6D8-147D-4CD0-ADED-88BCAB1FEF6D}.Ad-Hoc|iPhoneSimulator.Build.0 = Release|Any CPU
		{E6EDF6D8-147D-4CD0-ADED-88BCAB1FEF6D}.Ad-Hoc|x64.ActiveCfg = Release|Any CPU
		{E6EDF6D8-147D-4CD0-ADED-88BCAB1FEF6D}.Ad-Hoc|x64.Build.0 = Release|Any CPU
		{E6EDF6D8-147D-4CD0-ADED-88BCAB1FEF6D}.Ad-Hoc|x86.ActiveCfg = Release|Any CPU
		{E6EDF6D8-147D-4CD0-ADED-88BCAB1FEF6D}.Ad-Hoc|x86.Build.0 = Release|Any CPU
		{E6EDF6D8-147D-4CD0-ADED-88BCAB1FEF6D}.AppStore|Any CPU.ActiveCfg = Release|Any CPU
		{E6EDF6D8-147D-4CD0-ADED-88BCAB1FEF6D}.AppStore|Any CPU.Build.0 = Release|Any CPU
		{E6EDF6D8-147D-4CD0-ADED-88BCAB1FEF6D}.AppStore|ARM.ActiveCfg = Release|Any CPU
		{E6EDF6D8-147D-4CD0-ADED-88BCAB1FEF6D}.AppStore|ARM.Build.0 = Release|Any CPU
		{E6EDF6D8-147D-4CD0-ADED-88BCAB1FEF6D}.AppStore|iPhone.ActiveCfg = Release|Any CPU
		{E6EDF6D8-147D-4CD0-ADED-88BCAB1FEF6D}.AppStore|iPhone.Build.0 = Release|Any CPU
		{E6EDF6D8-147D-4CD0-ADED-88BCAB1FEF6D}.AppStore|iPhoneSimulator.ActiveCfg = Release|Any CPU
		{E6EDF6D8-147D-4CD0-ADED-88BCAB1FEF6D}.AppStore|iPhoneSimulator.Build.0 = Release|Any CPU
		{E6EDF6D8-147D-4CD0-ADED-88BCAB1FEF6D}.AppStore|x64.ActiveCfg = Release|Any CPU
		{E6EDF6D8-147D-4CD0-ADED-88BCAB1FEF6D}.AppStore|x64.Build.0 = Release|Any CPU
		{E6EDF6D8-147D-4CD0-ADED-88BCAB1FEF6D}.AppStore|x86.ActiveCfg = Release|Any CPU
		{E6EDF6D8-147D-4CD0-ADED-88BCAB1FEF6D}.AppStore|x86.Build.0 = Release|Any CPU
		{E6EDF6D8-147D-4CD0-ADED-88BCAB1FEF6D}.Debug|Any CPU.ActiveCfg = Debug|Any CPU
		{E6EDF6D8-147D-4CD0-ADED-88BCAB1FEF6D}.Debug|Any CPU.Build.0 = Debug|Any CPU
		{E6EDF6D8-147D-4CD0-ADED-88BCAB1FEF6D}.Debug|ARM.ActiveCfg = Debug|Any CPU
		{E6EDF6D8-147D-4CD0-ADED-88BCAB1FEF6D}.Debug|ARM.Build.0 = Debug|Any CPU
		{E6EDF6D8-147D-4CD0-ADED-88BCAB1FEF6D}.Debug|iPhone.ActiveCfg = Debug|Any CPU
		{E6EDF6D8-147D-4CD0-ADED-88BCAB1FEF6D}.Debug|iPhone.Build.0 = Debug|Any CPU
		{E6EDF6D8-147D-4CD0-ADED-88BCAB1FEF6D}.Debug|iPhoneSimulator.ActiveCfg = Debug|Any CPU
		{E6EDF6D8-147D-4CD0-ADED-88BCAB1FEF6D}.Debug|iPhoneSimulator.Build.0 = Debug|Any CPU
		{E6EDF6D8-147D-4CD0-ADED-88BCAB1FEF6D}.Debug|x64.ActiveCfg = Debug|Any CPU
		{E6EDF6D8-147D-4CD0-ADED-88BCAB1FEF6D}.Debug|x64.Build.0 = Debug|Any CPU
		{E6EDF6D8-147D-4CD0-ADED-88BCAB1FEF6D}.Debug|x86.ActiveCfg = Debug|Any CPU
		{E6EDF6D8-147D-4CD0-ADED-88BCAB1FEF6D}.Debug|x86.Build.0 = Debug|Any CPU
		{E6EDF6D8-147D-4CD0-ADED-88BCAB1FEF6D}.Release|Any CPU.ActiveCfg = Release|Any CPU
		{E6EDF6D8-147D-4CD0-ADED-88BCAB1FEF6D}.Release|Any CPU.Build.0 = Release|Any CPU
		{E6EDF6D8-147D-4CD0-ADED-88BCAB1FEF6D}.Release|ARM.ActiveCfg = Release|Any CPU
		{E6EDF6D8-147D-4CD0-ADED-88BCAB1FEF6D}.Release|ARM.Build.0 = Release|Any CPU
		{E6EDF6D8-147D-4CD0-ADED-88BCAB1FEF6D}.Release|iPhone.ActiveCfg = Release|Any CPU
		{E6EDF6D8-147D-4CD0-ADED-88BCAB1FEF6D}.Release|iPhone.Build.0 = Release|Any CPU
		{E6EDF6D8-147D-4CD0-ADED-88BCAB1FEF6D}.Release|iPhoneSimulator.ActiveCfg = Release|Any CPU
		{E6EDF6D8-147D-4CD0-ADED-88BCAB1FEF6D}.Release|iPhoneSimulator.Build.0 = Release|Any CPU
		{E6EDF6D8-147D-4CD0-ADED-88BCAB1FEF6D}.Release|x64.ActiveCfg = Release|Any CPU
		{E6EDF6D8-147D-4CD0-ADED-88BCAB1FEF6D}.Release|x64.Build.0 = Release|Any CPU
		{E6EDF6D8-147D-4CD0-ADED-88BCAB1FEF6D}.Release|x86.ActiveCfg = Release|Any CPU
		{E6EDF6D8-147D-4CD0-ADED-88BCAB1FEF6D}.Release|x86.Build.0 = Release|Any CPU
		{694D4254-CF03-424F-9F42-17FDE52C4271}.Ad-Hoc|Any CPU.ActiveCfg = Release|Any CPU
		{694D4254-CF03-424F-9F42-17FDE52C4271}.Ad-Hoc|Any CPU.Build.0 = Release|Any CPU
		{694D4254-CF03-424F-9F42-17FDE52C4271}.Ad-Hoc|ARM.ActiveCfg = Release|Any CPU
		{694D4254-CF03-424F-9F42-17FDE52C4271}.Ad-Hoc|ARM.Build.0 = Release|Any CPU
		{694D4254-CF03-424F-9F42-17FDE52C4271}.Ad-Hoc|iPhone.ActiveCfg = Release|Any CPU
		{694D4254-CF03-424F-9F42-17FDE52C4271}.Ad-Hoc|iPhone.Build.0 = Release|Any CPU
		{694D4254-CF03-424F-9F42-17FDE52C4271}.Ad-Hoc|iPhoneSimulator.ActiveCfg = Release|Any CPU
		{694D4254-CF03-424F-9F42-17FDE52C4271}.Ad-Hoc|iPhoneSimulator.Build.0 = Release|Any CPU
		{694D4254-CF03-424F-9F42-17FDE52C4271}.Ad-Hoc|x64.ActiveCfg = Release|Any CPU
		{694D4254-CF03-424F-9F42-17FDE52C4271}.Ad-Hoc|x64.Build.0 = Release|Any CPU
		{694D4254-CF03-424F-9F42-17FDE52C4271}.Ad-Hoc|x86.ActiveCfg = Release|Any CPU
		{694D4254-CF03-424F-9F42-17FDE52C4271}.Ad-Hoc|x86.Build.0 = Release|Any CPU
		{694D4254-CF03-424F-9F42-17FDE52C4271}.AppStore|Any CPU.ActiveCfg = Release|Any CPU
		{694D4254-CF03-424F-9F42-17FDE52C4271}.AppStore|Any CPU.Build.0 = Release|Any CPU
		{694D4254-CF03-424F-9F42-17FDE52C4271}.AppStore|ARM.ActiveCfg = Release|Any CPU
		{694D4254-CF03-424F-9F42-17FDE52C4271}.AppStore|ARM.Build.0 = Release|Any CPU
		{694D4254-CF03-424F-9F42-17FDE52C4271}.AppStore|iPhone.ActiveCfg = Release|Any CPU
		{694D4254-CF03-424F-9F42-17FDE52C4271}.AppStore|iPhone.Build.0 = Release|Any CPU
		{694D4254-CF03-424F-9F42-17FDE52C4271}.AppStore|iPhoneSimulator.ActiveCfg = Release|Any CPU
		{694D4254-CF03-424F-9F42-17FDE52C4271}.AppStore|iPhoneSimulator.Build.0 = Release|Any CPU
		{694D4254-CF03-424F-9F42-17FDE52C4271}.AppStore|x64.ActiveCfg = Release|Any CPU
		{694D4254-CF03-424F-9F42-17FDE52C4271}.AppStore|x64.Build.0 = Release|Any CPU
		{694D4254-CF03-424F-9F42-17FDE52C4271}.AppStore|x86.ActiveCfg = Release|Any CPU
		{694D4254-CF03-424F-9F42-17FDE52C4271}.AppStore|x86.Build.0 = Release|Any CPU
		{694D4254-CF03-424F-9F42-17FDE52C4271}.Debug|Any CPU.ActiveCfg = Debug|Any CPU
		{694D4254-CF03-424F-9F42-17FDE52C4271}.Debug|Any CPU.Build.0 = Debug|Any CPU
		{694D4254-CF03-424F-9F42-17FDE52C4271}.Debug|ARM.ActiveCfg = Debug|Any CPU
		{694D4254-CF03-424F-9F42-17FDE52C4271}.Debug|ARM.Build.0 = Debug|Any CPU
		{694D4254-CF03-424F-9F42-17FDE52C4271}.Debug|iPhone.ActiveCfg = Debug|Any CPU
		{694D4254-CF03-424F-9F42-17FDE52C4271}.Debug|iPhone.Build.0 = Debug|Any CPU
		{694D4254-CF03-424F-9F42-17FDE52C4271}.Debug|iPhoneSimulator.ActiveCfg = Debug|Any CPU
		{694D4254-CF03-424F-9F42-17FDE52C4271}.Debug|iPhoneSimulator.Build.0 = Debug|Any CPU
		{694D4254-CF03-424F-9F42-17FDE52C4271}.Debug|x64.ActiveCfg = Debug|Any CPU
		{694D4254-CF03-424F-9F42-17FDE52C4271}.Debug|x64.Build.0 = Debug|Any CPU
		{694D4254-CF03-424F-9F42-17FDE52C4271}.Debug|x86.ActiveCfg = Debug|Any CPU
		{694D4254-CF03-424F-9F42-17FDE52C4271}.Debug|x86.Build.0 = Debug|Any CPU
		{694D4254-CF03-424F-9F42-17FDE52C4271}.Release|Any CPU.ActiveCfg = Release|Any CPU
		{694D4254-CF03-424F-9F42-17FDE52C4271}.Release|Any CPU.Build.0 = Release|Any CPU
		{694D4254-CF03-424F-9F42-17FDE52C4271}.Release|ARM.ActiveCfg = Release|Any CPU
		{694D4254-CF03-424F-9F42-17FDE52C4271}.Release|ARM.Build.0 = Release|Any CPU
		{694D4254-CF03-424F-9F42-17FDE52C4271}.Release|iPhone.ActiveCfg = Release|Any CPU
		{694D4254-CF03-424F-9F42-17FDE52C4271}.Release|iPhone.Build.0 = Release|Any CPU
		{694D4254-CF03-424F-9F42-17FDE52C4271}.Release|iPhoneSimulator.ActiveCfg = Release|Any CPU
		{694D4254-CF03-424F-9F42-17FDE52C4271}.Release|iPhoneSimulator.Build.0 = Release|Any CPU
		{694D4254-CF03-424F-9F42-17FDE52C4271}.Release|x64.ActiveCfg = Release|Any CPU
		{694D4254-CF03-424F-9F42-17FDE52C4271}.Release|x64.Build.0 = Release|Any CPU
		{694D4254-CF03-424F-9F42-17FDE52C4271}.Release|x86.ActiveCfg = Release|Any CPU
		{694D4254-CF03-424F-9F42-17FDE52C4271}.Release|x86.Build.0 = Release|Any CPU
	EndGlobalSection
	GlobalSection(SolutionProperties) = preSolution
		HideSolutionNode = FALSE
	EndGlobalSection
	GlobalSection(ExtensibilityGlobals) = postSolution
		SolutionGuid = {131D26AA-F857-4454-84DD-923CE47F84AD}
	EndGlobalSection
EndGlobal
